PODS:
  - Nimble (7.3.1)
  - Quick (1.3.2)
  - RxAlertController (4.0.0):
    - RxSwift (~> 4.3.1)
  - RxSwift (4.3.1)

DEPENDENCIES:
  - Nimble
  - Quick
  - RxAlertController (from `../`)

SPEC REPOS:
  https://github.com/cocoapods/specs.git:
    - Nimble
    - Quick
    - RxSwift

EXTERNAL SOURCES:
  RxAlertController:
    :path: "../"

SPEC CHECKSUMS:
  Nimble: 04f732da099ea4d153122aec8c2a88fd0c7219ae
  Quick: 2623cb30d7a7f41ca62f684f679586558f483d46
  RxAlertController: e5e5839b6204110a967ee58ce369ed0329ea8b69
  RxSwift: fe0fd770a43acdb7d0a53da411c9b892e69bb6e4

PODFILE CHECKSUM: 60c13b30adf88ca53ead621f7a65a94ea1064f7a

COCOAPODS: 1.5.3
