PODS:
  - Nimble (9.0.1)
  - Quick (3.1.2)
  - RxAlertController (6.0.0):
    - RxSwift (~> 6.0)
  - RxSwift (6.1.0)

DEPENDENCIES:
  - Nimble
  - Quick
  - RxAlertController (from `../`)

SPEC REPOS:
  https://github.com/cocoapods/specs.git:
    - Nimble
    - Quick
    - RxSwift

EXTERNAL SOURCES:
  RxAlertController:
    :path: "../"

SPEC CHECKSUMS:
  Nimble: 7bed62ffabd6dbfe05f5925cbc43722533248990
  Quick: 60f0ea3b8e0cfc0df3259a5c06a238ad8b3c46e0
  RxAlertController: 171227a999d9cbbcab6a137b2be669b66715d2bc
  RxSwift: a834e5c538e89eca0cae86f403f4fbf0336786ce

PODFILE CHECKSUM: 60c13b30adf88ca53ead621f7a65a94ea1064f7a

COCOAPODS: 1.7.5
