PODS:
  - Nimble (8.0.1)
  - Quick (2.1.0)
  - RxAlertController (5.0.0):
    - RxSwift (~> 5.0)
  - RxSwift (5.0.0)

DEPENDENCIES:
  - Nimble
  - Quick
  - RxAlertController (from `../`)

SPEC REPOS:
  https://github.com/cocoapods/specs.git:
    - Nimble
    - Quick
    - RxSwift

EXTERNAL SOURCES:
  RxAlertController:
    :path: "../"

SPEC CHECKSUMS:
  Nimble: 45f786ae66faa9a709624227fae502db55a8bdd0
  Quick: 4be43f6634acfa727dd106bdf3929ce125ffa79d
  RxAlertController: ef75925a2a002f0f1fd03378ddeceaa9c1c5558f
  RxSwift: 8b0671caa829a763bbce7271095859121cbd895f

PODFILE CHECKSUM: 60c13b30adf88ca53ead621f7a65a94ea1064f7a

COCOAPODS: 1.6.1
